
Microsoft Visual Studio Solution File, Format Version 12.00
# Visual Studio 15
VisualStudioVersion = 15.0.27130.2027
MinimumVisualStudioVersion = 10.0.40219.1
Project("{8BC9CEB8-8B4A-11D0-8D11-00A0C91BC942}") = "libfilsc", "src\libfilsc\libfilsc.vcxproj", "{83BBC5CE-40E4-4B22-B022-AC3B03504A9C}"
EndProject
Project("{8BC9CEB8-8B4A-11D0-8D11-00A0C91BC942}") = "libfilsc_test", "test\libfilsc_test\libfilsc_test.vcxproj", "{6508D439-A77C-4BC5-8CD7-9FC2EE9495D9}"
EndProject
Project("{2150E333-8FDC-42A3-9474-1A3956D46DE8}") = "tests", "tests", "{22F86B60-3832-43F8-823B-75D846FC1154}"
EndProject
Project("{2150E333-8FDC-42A3-9474-1A3956D46DE8}") = "lib", "lib", "{4E63C8D5-6F16-498D-9110-A3EAF00EC4F1}"
EndProject
Project("{8BC9CEB8-8B4A-11D0-8D11-00A0C91BC942}") = "gtest", "lib\googletest-release-1.8.0\googletest\msvc\gtest.vcxproj", "{5030FA1C-E7B7-4DB8-8B14-C6CE3D7771BA}"
EndProject
Project("{8BC9CEB8-8B4A-11D0-8D11-00A0C91BC942}") = "filSim", "src\filSim\filSim.vcxproj", "{E3E07B33-1035-4EF9-B181-E41EA70F168C}"
EndProject
Project("{8BC9CEB8-8B4A-11D0-8D11-00A0C91BC942}") = "json11", "lib\json11\json11.vcxproj", "{FA22A9CC-10EE-4FB4-9274-3BC40B97D40E}"
EndProject
Project("{8BC9CEB8-8B4A-11D0-8D11-00A0C91BC942}") = "filsc", "src\filsc\filsc.vcxproj", "{F44FB88E-9EB9-4796-82D9-D21DC07FD0B3}"
EndProject
Project("{FAE04EC0-301F-11D3-BF4B-00C04F79EFBC}") = "testRunner", "test\testRunner\testRunner.csproj", "{D826BC90-153B-49E0-9BE1-6822ECC7287D}"
EndProject
Project("{2150E333-8FDC-42A3-9474-1A3956D46DE8}") = "runtime", "runtime", "{B87D02AC-C5A9-4E61-8E95-153D2B3AA671}"
EndProject
Project("{8BC9CEB8-8B4A-11D0-8D11-00A0C91BC942}") = "pcr", "src\pcr\pcr.vcxproj", "{0B763C93-8A67-4DEE-9090-8E36A15E9392}"
EndProject
Project("{8BC9CEB8-8B4A-11D0-8D11-00A0C91BC942}") = "ssccWin32Sim", "src\ssccWin32Sim\ssccWin32Sim.vcxproj", "{888B6D95-B813-4B00-8DD2-98BD52020DFC}"
EndProject
Global
	GlobalSection(SolutionConfigurationPlatforms) = preSolution
		Debug|Any CPU = Debug|Any CPU
		Debug|x64 = Debug|x64
		Debug|x86 = Debug|x86
		Release|Any CPU = Release|Any CPU
		Release|x64 = Release|x64
		Release|x86 = Release|x86
	EndGlobalSection
	GlobalSection(ProjectConfigurationPlatforms) = postSolution
		{83BBC5CE-40E4-4B22-B022-AC3B03504A9C}.Debug|Any CPU.ActiveCfg = Debug|Win32
		{83BBC5CE-40E4-4B22-B022-AC3B03504A9C}.Debug|x64.ActiveCfg = Debug|x64
		{83BBC5CE-40E4-4B22-B022-AC3B03504A9C}.Debug|x64.Build.0 = Debug|x64
		{83BBC5CE-40E4-4B22-B022-AC3B03504A9C}.Debug|x86.ActiveCfg = Debug|Win32
		{83BBC5CE-40E4-4B22-B022-AC3B03504A9C}.Debug|x86.Build.0 = Debug|Win32
		{83BBC5CE-40E4-4B22-B022-AC3B03504A9C}.Release|Any CPU.ActiveCfg = Release|Win32
		{83BBC5CE-40E4-4B22-B022-AC3B03504A9C}.Release|x64.ActiveCfg = Release|x64
		{83BBC5CE-40E4-4B22-B022-AC3B03504A9C}.Release|x64.Build.0 = Release|x64
		{83BBC5CE-40E4-4B22-B022-AC3B03504A9C}.Release|x86.ActiveCfg = Release|Win32
		{83BBC5CE-40E4-4B22-B022-AC3B03504A9C}.Release|x86.Build.0 = Release|Win32
		{6508D439-A77C-4BC5-8CD7-9FC2EE9495D9}.Debug|Any CPU.ActiveCfg = Debug|Win32
		{6508D439-A77C-4BC5-8CD7-9FC2EE9495D9}.Debug|x64.ActiveCfg = Debug|x64
		{6508D439-A77C-4BC5-8CD7-9FC2EE9495D9}.Debug|x64.Build.0 = Debug|x64
		{6508D439-A77C-4BC5-8CD7-9FC2EE9495D9}.Debug|x86.ActiveCfg = Debug|Win32
		{6508D439-A77C-4BC5-8CD7-9FC2EE9495D9}.Debug|x86.Build.0 = Debug|Win32
		{6508D439-A77C-4BC5-8CD7-9FC2EE9495D9}.Release|Any CPU.ActiveCfg = Release|Win32
		{6508D439-A77C-4BC5-8CD7-9FC2EE9495D9}.Release|x64.ActiveCfg = Release|x64
		{6508D439-A77C-4BC5-8CD7-9FC2EE9495D9}.Release|x64.Build.0 = Release|x64
		{6508D439-A77C-4BC5-8CD7-9FC2EE9495D9}.Release|x86.ActiveCfg = Release|Win32
		{6508D439-A77C-4BC5-8CD7-9FC2EE9495D9}.Release|x86.Build.0 = Release|Win32
		{5030FA1C-E7B7-4DB8-8B14-C6CE3D7771BA}.Debug|Any CPU.ActiveCfg = Debug|Win32
		{5030FA1C-E7B7-4DB8-8B14-C6CE3D7771BA}.Debug|x64.ActiveCfg = Debug|x64
		{5030FA1C-E7B7-4DB8-8B14-C6CE3D7771BA}.Debug|x64.Build.0 = Debug|x64
		{5030FA1C-E7B7-4DB8-8B14-C6CE3D7771BA}.Debug|x86.ActiveCfg = Debug|Win32
		{5030FA1C-E7B7-4DB8-8B14-C6CE3D7771BA}.Debug|x86.Build.0 = Debug|Win32
		{5030FA1C-E7B7-4DB8-8B14-C6CE3D7771BA}.Release|Any CPU.ActiveCfg = Release|Win32
		{5030FA1C-E7B7-4DB8-8B14-C6CE3D7771BA}.Release|x64.ActiveCfg = Release|x64
		{5030FA1C-E7B7-4DB8-8B14-C6CE3D7771BA}.Release|x64.Build.0 = Release|x64
		{5030FA1C-E7B7-4DB8-8B14-C6CE3D7771BA}.Release|x86.ActiveCfg = Release|Win32
		{5030FA1C-E7B7-4DB8-8B14-C6CE3D7771BA}.Release|x86.Build.0 = Release|Win32
		{E3E07B33-1035-4EF9-B181-E41EA70F168C}.Debug|Any CPU.ActiveCfg = Debug|Win32
		{E3E07B33-1035-4EF9-B181-E41EA70F168C}.Debug|x64.ActiveCfg = Debug|x64
		{E3E07B33-1035-4EF9-B181-E41EA70F168C}.Debug|x64.Build.0 = Debug|x64
		{E3E07B33-1035-4EF9-B181-E41EA70F168C}.Debug|x86.ActiveCfg = Debug|Win32
		{E3E07B33-1035-4EF9-B181-E41EA70F168C}.Debug|x86.Build.0 = Debug|Win32
		{E3E07B33-1035-4EF9-B181-E41EA70F168C}.Release|Any CPU.ActiveCfg = Release|Win32
		{E3E07B33-1035-4EF9-B181-E41EA70F168C}.Release|x64.ActiveCfg = Release|x64
		{E3E07B33-1035-4EF9-B181-E41EA70F168C}.Release|x64.Build.0 = Release|x64
		{E3E07B33-1035-4EF9-B181-E41EA70F168C}.Release|x86.ActiveCfg = Release|Win32
		{E3E07B33-1035-4EF9-B181-E41EA70F168C}.Release|x86.Build.0 = Release|Win32
		{FA22A9CC-10EE-4FB4-9274-3BC40B97D40E}.Debug|Any CPU.ActiveCfg = Debug|Win32
		{FA22A9CC-10EE-4FB4-9274-3BC40B97D40E}.Debug|x64.ActiveCfg = Debug|x64
		{FA22A9CC-10EE-4FB4-9274-3BC40B97D40E}.Debug|x64.Build.0 = Debug|x64
		{FA22A9CC-10EE-4FB4-9274-3BC40B97D40E}.Debug|x86.ActiveCfg = Debug|Win32
		{FA22A9CC-10EE-4FB4-9274-3BC40B97D40E}.Debug|x86.Build.0 = Debug|Win32
		{FA22A9CC-10EE-4FB4-9274-3BC40B97D40E}.Release|Any CPU.ActiveCfg = Release|Win32
		{FA22A9CC-10EE-4FB4-9274-3BC40B97D40E}.Release|x64.ActiveCfg = Release|x64
		{FA22A9CC-10EE-4FB4-9274-3BC40B97D40E}.Release|x64.Build.0 = Release|x64
		{FA22A9CC-10EE-4FB4-9274-3BC40B97D40E}.Release|x86.ActiveCfg = Release|Win32
		{FA22A9CC-10EE-4FB4-9274-3BC40B97D40E}.Release|x86.Build.0 = Release|Win32
		{F44FB88E-9EB9-4796-82D9-D21DC07FD0B3}.Debug|Any CPU.ActiveCfg = Debug|Win32
		{F44FB88E-9EB9-4796-82D9-D21DC07FD0B3}.Debug|x64.ActiveCfg = Debug|x64
		{F44FB88E-9EB9-4796-82D9-D21DC07FD0B3}.Debug|x64.Build.0 = Debug|x64
		{F44FB88E-9EB9-4796-82D9-D21DC07FD0B3}.Debug|x86.ActiveCfg = Debug|Win32
		{F44FB88E-9EB9-4796-82D9-D21DC07FD0B3}.Debug|x86.Build.0 = Debug|Win32
		{F44FB88E-9EB9-4796-82D9-D21DC07FD0B3}.Release|Any CPU.ActiveCfg = Release|Win32
		{F44FB88E-9EB9-4796-82D9-D21DC07FD0B3}.Release|x64.ActiveCfg = Release|x64
		{F44FB88E-9EB9-4796-82D9-D21DC07FD0B3}.Release|x64.Build.0 = Release|x64
		{F44FB88E-9EB9-4796-82D9-D21DC07FD0B3}.Release|x86.ActiveCfg = Release|Win32
		{F44FB88E-9EB9-4796-82D9-D21DC07FD0B3}.Release|x86.Build.0 = Release|Win32
		{D826BC90-153B-49E0-9BE1-6822ECC7287D}.Debug|Any CPU.ActiveCfg = Debug|Any CPU
		{D826BC90-153B-49E0-9BE1-6822ECC7287D}.Debug|Any CPU.Build.0 = Debug|Any CPU
		{D826BC90-153B-49E0-9BE1-6822ECC7287D}.Debug|x64.ActiveCfg = Debug|Any CPU
		{D826BC90-153B-49E0-9BE1-6822ECC7287D}.Debug|x64.Build.0 = Debug|Any CPU
		{D826BC90-153B-49E0-9BE1-6822ECC7287D}.Debug|x86.ActiveCfg = Debug|Any CPU
		{D826BC90-153B-49E0-9BE1-6822ECC7287D}.Debug|x86.Build.0 = Debug|Any CPU
		{D826BC90-153B-49E0-9BE1-6822ECC7287D}.Release|Any CPU.ActiveCfg = Release|Any CPU
		{D826BC90-153B-49E0-9BE1-6822ECC7287D}.Release|Any CPU.Build.0 = Release|Any CPU
		{D826BC90-153B-49E0-9BE1-6822ECC7287D}.Release|x64.ActiveCfg = Release|Any CPU
		{D826BC90-153B-49E0-9BE1-6822ECC7287D}.Release|x64.Build.0 = Release|Any CPU
		{D826BC90-153B-49E0-9BE1-6822ECC7287D}.Release|x86.ActiveCfg = Release|Any CPU
		{D826BC90-153B-49E0-9BE1-6822ECC7287D}.Release|x86.Build.0 = Release|Any CPU
		{0B763C93-8A67-4DEE-9090-8E36A15E9392}.Debug|Any CPU.ActiveCfg = Debug|Win32
		{0B763C93-8A67-4DEE-9090-8E36A15E9392}.Debug|x64.ActiveCfg = Debug|x64
		{0B763C93-8A67-4DEE-9090-8E36A15E9392}.Debug|x64.Build.0 = Debug|x64
		{0B763C93-8A67-4DEE-9090-8E36A15E9392}.Debug|x86.ActiveCfg = Debug|Win32
		{0B763C93-8A67-4DEE-9090-8E36A15E9392}.Debug|x86.Build.0 = Debug|Win32
		{0B763C93-8A67-4DEE-9090-8E36A15E9392}.Release|Any CPU.ActiveCfg = Release|Win32
		{0B763C93-8A67-4DEE-9090-8E36A15E9392}.Release|x64.ActiveCfg = Release|x64
		{0B763C93-8A67-4DEE-9090-8E36A15E9392}.Release|x64.Build.0 = Release|x64
		{0B763C93-8A67-4DEE-9090-8E36A15E9392}.Release|x86.ActiveCfg = Release|Win32
		{0B763C93-8A67-4DEE-9090-8E36A15E9392}.Release|x86.Build.0 = Release|Win32
		{888B6D95-B813-4B00-8DD2-98BD52020DFC}.Debug|Any CPU.ActiveCfg = Debug|Win32
		{888B6D95-B813-4B00-8DD2-98BD52020DFC}.Debug|x64.ActiveCfg = Debug|x64
		{888B6D95-B813-4B00-8DD2-98BD52020DFC}.Debug|x64.Build.0 = Debug|x64
		{888B6D95-B813-4B00-8DD2-98BD52020DFC}.Debug|x86.ActiveCfg = Debug|Win32
		{888B6D95-B813-4B00-8DD2-98BD52020DFC}.Debug|x86.Build.0 = Debug|Win32
		{888B6D95-B813-4B00-8DD2-98BD52020DFC}.Release|Any CPU.ActiveCfg = Release|Win32
		{888B6D95-B813-4B00-8DD2-98BD52020DFC}.Release|x64.ActiveCfg = Release|x64
		{888B6D95-B813-4B00-8DD2-98BD52020DFC}.Release|x64.Build.0 = Release|x64
		{888B6D95-B813-4B00-8DD2-98BD52020DFC}.Release|x86.ActiveCfg = Release|Win32
		{888B6D95-B813-4B00-8DD2-98BD52020DFC}.Release|x86.Build.0 = Release|Win32
	EndGlobalSection
	GlobalSection(SolutionProperties) = preSolution
		HideSolutionNode = FALSE
	EndGlobalSection
	GlobalSection(NestedProjects) = preSolution
		{6508D439-A77C-4BC5-8CD7-9FC2EE9495D9} = {22F86B60-3832-43F8-823B-75D846FC1154}
		{5030FA1C-E7B7-4DB8-8B14-C6CE3D7771BA} = {4E63C8D5-6F16-498D-9110-A3EAF00EC4F1}
		{FA22A9CC-10EE-4FB4-9274-3BC40B97D40E} = {4E63C8D5-6F16-498D-9110-A3EAF00EC4F1}
		{D826BC90-153B-49E0-9BE1-6822ECC7287D} = {22F86B60-3832-43F8-823B-75D846FC1154}
		{0B763C93-8A67-4DEE-9090-8E36A15E9392} = {B87D02AC-C5A9-4E61-8E95-153D2B3AA671}
		{888B6D95-B813-4B00-8DD2-98BD52020DFC} = {B87D02AC-C5A9-4E61-8E95-153D2B3AA671}
	EndGlobalSection
	GlobalSection(ExtensibilityGlobals) = postSolution
		SolutionGuid = {0D549A5A-22F1-45D8-A715-F132DF28F6D5}
	EndGlobalSection
EndGlobal
