<?xml version="1.0" encoding="utf-8"?>
<Project ToolsVersion="4.0" xmlns="http://schemas.microsoft.com/developer/msbuild/2003">
  <ItemGroup>
    <ClInclude Include="targetver.h" />
    <ClInclude Include="libfilsc_test_pch.h" />
    <ClInclude Include="testUtils.h" />
  </ItemGroup>
  <ItemGroup>
    <ClCompile Include="libfilsc_test.cpp" />
    <ClCompile Include="lexer_tests.cpp" />
    <ClCompile Include="libfilsc_test_pch.cpp" />
    <ClCompile Include="parser_tests.cpp" />
    <ClCompile Include="semAnalysis_tests.cpp" />
    <ClCompile Include="testUtils.cpp" />
    <ClCompile Include="gatherPass_tests.cpp" />
    <ClCompile Include="typeCheckPass_tests.cpp" />
    <ClCompile Include="c_codegen_tests.cpp" />
    <ClCompile Include="dataTypes_tests.cpp" />
    <ClCompile Include="codeGeneratorState_tests.cpp" />
    <ClCompile Include="builder_tests.cpp" />
    <ClCompile Include="ast_tests.cpp" />
  </ItemGroup>
</Project>